
Microsoft Visual Studio Solution File, Format Version 12.00
# Visual Studio Version 17
VisualStudioVersion = 17.7.34031.279
MinimumVisualStudioVersion = 10.0.40219.1
Project("{FAE04EC0-301F-11D3-BF4B-00C04F79EFBC}") = "PR8WPF", "PR8WPF\PR8WPF.csproj", "{87752B54-DC3B-4E4F-895A-F7B7A3535FD2}"
EndProject
Project("{FAE04EC0-301F-11D3-BF4B-00C04F79EFBC}") = "FunctionalLib", "FunctionalLib\FunctionalLib.csproj", "{62FEBC8D-F404-4B3C-A666-2C8BEE1BE0B9}"
EndProject
Project("{FAE04EC0-301F-11D3-BF4B-00C04F79EFBC}") = "CustomLibrary", "CustomLibrary\CustomLibrary.csproj", "{C2C21AB9-EF49-4BFE-9AC2-09EF37DA5829}"
EndProject
Global
	GlobalSection(SolutionConfigurationPlatforms) = preSolution
		Debug|Any CPU = Debug|Any CPU
		Release|Any CPU = Release|Any CPU
	EndGlobalSection
	GlobalSection(ProjectConfigurationPlatforms) = postSolution
		{87752B54-DC3B-4E4F-895A-F7B7A3535FD2}.Debug|Any CPU.ActiveCfg = Debug|Any CPU
		{87752B54-DC3B-4E4F-895A-F7B7A3535FD2}.Debug|Any CPU.Build.0 = Debug|Any CPU
		{87752B54-DC3B-4E4F-895A-F7B7A3535FD2}.Release|Any CPU.ActiveCfg = Release|Any CPU
		{87752B54-DC3B-4E4F-895A-F7B7A3535FD2}.Release|Any CPU.Build.0 = Release|Any CPU
		{62FEBC8D-F404-4B3C-A666-2C8BEE1BE0B9}.Debug|Any CPU.ActiveCfg = Debug|Any CPU
		{62FEBC8D-F404-4B3C-A666-2C8BEE1BE0B9}.Debug|Any CPU.Build.0 = Debug|Any CPU
		{62FEBC8D-F404-4B3C-A666-2C8BEE1BE0B9}.Release|Any CPU.ActiveCfg = Release|Any CPU
		{62FEBC8D-F404-4B3C-A666-2C8BEE1BE0B9}.Release|Any CPU.Build.0 = Release|Any CPU
		{C2C21AB9-EF49-4BFE-9AC2-09EF37DA5829}.Debug|Any CPU.ActiveCfg = Debug|Any CPU
		{C2C21AB9-EF49-4BFE-9AC2-09EF37DA5829}.Debug|Any CPU.Build.0 = Debug|Any CPU
		{C2C21AB9-EF49-4BFE-9AC2-09EF37DA5829}.Release|Any CPU.ActiveCfg = Release|Any CPU
		{C2C21AB9-EF49-4BFE-9AC2-09EF37DA5829}.Release|Any CPU.Build.0 = Release|Any CPU
	EndGlobalSection
	GlobalSection(SolutionProperties) = preSolution
		HideSolutionNode = FALSE
	EndGlobalSection
	GlobalSection(ExtensibilityGlobals) = postSolution
		SolutionGuid = {16E44540-DE77-43F6-A2C3-6935E54DDF09}
	EndGlobalSection
EndGlobal
